
Microsoft Visual Studio Solution File, Format Version 12.00
# Visual Studio Version 16
VisualStudioVersion = 16.0.29503.13
MinimumVisualStudioVersion = 10.0.40219.1
Project("{FAE04EC0-301F-11D3-BF4B-00C04F79EFBC}") = "DataInputt", "DataInputt\DataInputt.csproj", "{5E84912A-4948-49FE-BFFF-465A7FDC2C1C}"
EndProject
Project("{FAE04EC0-301F-11D3-BF4B-00C04F79EFBC}") = "DataInputt.Tests", "DataInputt.Tests\DataInputt.Tests.csproj", "{89EB8C2B-A0CE-4301-ADB9-F57F38E4F1F3}"
EndProject
Global
	GlobalSection(SolutionConfigurationPlatforms) = preSolution
		Debug|Any CPU = Debug|Any CPU
		Release|Any CPU = Release|Any CPU
	EndGlobalSection
	GlobalSection(ProjectConfigurationPlatforms) = postSolution
		{5E84912A-4948-49FE-BFFF-465A7FDC2C1C}.Debug|Any CPU.ActiveCfg = Debug|Any CPU
		{5E84912A-4948-49FE-BFFF-465A7FDC2C1C}.Debug|Any CPU.Build.0 = Debug|Any CPU
		{5E84912A-4948-49FE-BFFF-465A7FDC2C1C}.Release|Any CPU.ActiveCfg = Release|Any CPU
		{5E84912A-4948-49FE-BFFF-465A7FDC2C1C}.Release|Any CPU.Build.0 = Release|Any CPU
		{89EB8C2B-A0CE-4301-ADB9-F57F38E4F1F3}.Debug|Any CPU.ActiveCfg = Debug|Any CPU
		{89EB8C2B-A0CE-4301-ADB9-F57F38E4F1F3}.Debug|Any CPU.Build.0 = Debug|Any CPU
		{89EB8C2B-A0CE-4301-ADB9-F57F38E4F1F3}.Release|Any CPU.ActiveCfg = Release|Any CPU
		{89EB8C2B-A0CE-4301-ADB9-F57F38E4F1F3}.Release|Any CPU.Build.0 = Release|Any CPU
	EndGlobalSection
	GlobalSection(SolutionProperties) = preSolution
		HideSolutionNode = FALSE
	EndGlobalSection
	GlobalSection(ExtensibilityGlobals) = postSolution
		SolutionGuid = {4CFA4D47-A0F2-4947-83DB-21587BB2C4CF}
	EndGlobalSection
EndGlobal
